
Microsoft Visual Studio Solution File, Format Version 12.00
# Visual Studio 15
Project("{FAE04EC0-301F-11D3-BF4B-00C04F79EFBC}") = "ProPixelizer", "ProPixelizer.csproj", "{C5CF4EB3-174B-6405-6465-E94A9B59E7CB}"
EndProject
Project("{FAE04EC0-301F-11D3-BF4B-00C04F79EFBC}") = "Assembly-CSharp-Editor", "Assembly-CSharp-Editor.csproj", "{C22C4F26-4E4D-4DE5-EFB9-7636CBFF30A3}"
EndProject
Project("{FAE04EC0-301F-11D3-BF4B-00C04F79EFBC}") = "Assembly-CSharp", "Assembly-CSharp.csproj", "{7B6BFF5E-67B2-D7CB-4F39-B59163431F24}"
EndProject
Project("{FAE04EC0-301F-11D3-BF4B-00C04F79EFBC}") = "CFXRRuntime", "CFXRRuntime.csproj", "{2BFA7D67-D689-F802-B037-9789C727C5B3}"
EndProject
Project("{FAE04EC0-301F-11D3-BF4B-00C04F79EFBC}") = "CFXRDemo", "CFXRDemo.csproj", "{D3313C89-5DCC-18D0-CDEF-4ED65E29A49F}"
EndProject
Project("{FAE04EC0-301F-11D3-BF4B-00C04F79EFBC}") = "CFXREditor", "CFXREditor.csproj", "{40FA321E-ACCC-8C42-BF0D-FBD0FA8D06F5}"
EndProject
Project("{FAE04EC0-301F-11D3-BF4B-00C04F79EFBC}") = "Unity.Splines.Examples.Editor", "Unity.Splines.Examples.Editor.csproj", "{5CBB7EBF-F758-E46B-E6C8-2C980953F73B}"
EndProject
Project("{FAE04EC0-301F-11D3-BF4B-00C04F79EFBC}") = "Unity.Splines.Examples", "Unity.Splines.Examples.csproj", "{3F450D86-A95F-07AC-1CAD-1C5419D0CCE6}"
EndProject
Project("{FAE04EC0-301F-11D3-BF4B-00C04F79EFBC}") = "KinoBloom.Runtime", "KinoBloom.Runtime.csproj", "{73AB40B6-F375-DF9A-64D9-217539B2FE77}"
EndProject
Project("{FAE04EC0-301F-11D3-BF4B-00C04F79EFBC}") = "CFXR.WelcomeScreen", "CFXR.WelcomeScreen.csproj", "{AA150284-D837-CB86-0E94-0B2D376F6E7D}"
EndProject
Project("{FAE04EC0-301F-11D3-BF4B-00C04F79EFBC}") = "ToonyColorsPro.Demo.Editor", "ToonyColorsPro.Demo.Editor.csproj", "{4EC395EA-7C54-5B26-A114-84D33C338798}"
EndProject
Project("{2150E333-8FDC-42A3-9474-1A3956D46DE8}") = "Solution Items", "Solution Items", "{623EC9E4-5AE5-4D49-B8B8-237A8FEE97F6}"
	ProjectSection(SolutionItems) = preProject
		.editorconfig = .editorconfig
	EndProjectSection
EndProject
Global
	GlobalSection(SolutionConfigurationPlatforms) = preSolution
		Debug|Any CPU = Debug|Any CPU
		Release|Any CPU = Release|Any CPU
	EndGlobalSection
	GlobalSection(ProjectConfigurationPlatforms) = postSolution
		{C5CF4EB3-174B-6405-6465-E94A9B59E7CB}.Debug|Any CPU.ActiveCfg = Debug|Any CPU
		{C5CF4EB3-174B-6405-6465-E94A9B59E7CB}.Debug|Any CPU.Build.0 = Debug|Any CPU
		{C5CF4EB3-174B-6405-6465-E94A9B59E7CB}.Release|Any CPU.ActiveCfg = Release|Any CPU
		{C5CF4EB3-174B-6405-6465-E94A9B59E7CB}.Release|Any CPU.Build.0 = Release|Any CPU
		{C22C4F26-4E4D-4DE5-EFB9-7636CBFF30A3}.Debug|Any CPU.ActiveCfg = Debug|Any CPU
		{C22C4F26-4E4D-4DE5-EFB9-7636CBFF30A3}.Debug|Any CPU.Build.0 = Debug|Any CPU
		{C22C4F26-4E4D-4DE5-EFB9-7636CBFF30A3}.Release|Any CPU.ActiveCfg = Release|Any CPU
		{C22C4F26-4E4D-4DE5-EFB9-7636CBFF30A3}.Release|Any CPU.Build.0 = Release|Any CPU
		{7B6BFF5E-67B2-D7CB-4F39-B59163431F24}.Debug|Any CPU.ActiveCfg = Debug|Any CPU
		{7B6BFF5E-67B2-D7CB-4F39-B59163431F24}.Debug|Any CPU.Build.0 = Debug|Any CPU
		{7B6BFF5E-67B2-D7CB-4F39-B59163431F24}.Release|Any CPU.ActiveCfg = Release|Any CPU
		{7B6BFF5E-67B2-D7CB-4F39-B59163431F24}.Release|Any CPU.Build.0 = Release|Any CPU
		{2BFA7D67-D689-F802-B037-9789C727C5B3}.Debug|Any CPU.ActiveCfg = Debug|Any CPU
		{2BFA7D67-D689-F802-B037-9789C727C5B3}.Debug|Any CPU.Build.0 = Debug|Any CPU
		{2BFA7D67-D689-F802-B037-9789C727C5B3}.Release|Any CPU.ActiveCfg = Release|Any CPU
		{2BFA7D67-D689-F802-B037-9789C727C5B3}.Release|Any CPU.Build.0 = Release|Any CPU
		{D3313C89-5DCC-18D0-CDEF-4ED65E29A49F}.Debug|Any CPU.ActiveCfg = Debug|Any CPU
		{D3313C89-5DCC-18D0-CDEF-4ED65E29A49F}.Debug|Any CPU.Build.0 = Debug|Any CPU
		{D3313C89-5DCC-18D0-CDEF-4ED65E29A49F}.Release|Any CPU.ActiveCfg = Release|Any CPU
		{D3313C89-5DCC-18D0-CDEF-4ED65E29A49F}.Release|Any CPU.Build.0 = Release|Any CPU
		{40FA321E-ACCC-8C42-BF0D-FBD0FA8D06F5}.Debug|Any CPU.ActiveCfg = Debug|Any CPU
		{40FA321E-ACCC-8C42-BF0D-FBD0FA8D06F5}.Debug|Any CPU.Build.0 = Debug|Any CPU
		{40FA321E-ACCC-8C42-BF0D-FBD0FA8D06F5}.Release|Any CPU.ActiveCfg = Release|Any CPU
		{40FA321E-ACCC-8C42-BF0D-FBD0FA8D06F5}.Release|Any CPU.Build.0 = Release|Any CPU
		{5CBB7EBF-F758-E46B-E6C8-2C980953F73B}.Debug|Any CPU.ActiveCfg = Debug|Any CPU
		{5CBB7EBF-F758-E46B-E6C8-2C980953F73B}.Debug|Any CPU.Build.0 = Debug|Any CPU
		{5CBB7EBF-F758-E46B-E6C8-2C980953F73B}.Release|Any CPU.ActiveCfg = Release|Any CPU
		{5CBB7EBF-F758-E46B-E6C8-2C980953F73B}.Release|Any CPU.Build.0 = Release|Any CPU
		{3F450D86-A95F-07AC-1CAD-1C5419D0CCE6}.Debug|Any CPU.ActiveCfg = Debug|Any CPU
		{3F450D86-A95F-07AC-1CAD-1C5419D0CCE6}.Debug|Any CPU.Build.0 = Debug|Any CPU
		{3F450D86-A95F-07AC-1CAD-1C5419D0CCE6}.Release|Any CPU.ActiveCfg = Release|Any CPU
		{3F450D86-A95F-07AC-1CAD-1C5419D0CCE6}.Release|Any CPU.Build.0 = Release|Any CPU
		{73AB40B6-F375-DF9A-64D9-217539B2FE77}.Debug|Any CPU.ActiveCfg = Debug|Any CPU
		{73AB40B6-F375-DF9A-64D9-217539B2FE77}.Debug|Any CPU.Build.0 = Debug|Any CPU
		{73AB40B6-F375-DF9A-64D9-217539B2FE77}.Release|Any CPU.ActiveCfg = Release|Any CPU
		{73AB40B6-F375-DF9A-64D9-217539B2FE77}.Release|Any CPU.Build.0 = Release|Any CPU
		{AA150284-D837-CB86-0E94-0B2D376F6E7D}.Debug|Any CPU.ActiveCfg = Debug|Any CPU
		{AA150284-D837-CB86-0E94-0B2D376F6E7D}.Debug|Any CPU.Build.0 = Debug|Any CPU
		{AA150284-D837-CB86-0E94-0B2D376F6E7D}.Release|Any CPU.ActiveCfg = Release|Any CPU
		{AA150284-D837-CB86-0E94-0B2D376F6E7D}.Release|Any CPU.Build.0 = Release|Any CPU
		{4EC395EA-7C54-5B26-A114-84D33C338798}.Debug|Any CPU.ActiveCfg = Debug|Any CPU
		{4EC395EA-7C54-5B26-A114-84D33C338798}.Debug|Any CPU.Build.0 = Debug|Any CPU
		{4EC395EA-7C54-5B26-A114-84D33C338798}.Release|Any CPU.ActiveCfg = Release|Any CPU
		{4EC395EA-7C54-5B26-A114-84D33C338798}.Release|Any CPU.Build.0 = Release|Any CPU
	EndGlobalSection
	GlobalSection(SolutionProperties) = preSolution
		HideSolutionNode = FALSE
	EndGlobalSection
EndGlobal
